
Microsoft Visual Studio Solution File, Format Version 12.00
# Visual Studio Version 16
VisualStudioVersion = 16.0.30011.22
MinimumVisualStudioVersion = 10.0.40219.1
Project("{FAE04EC0-301F-11D3-BF4B-00C04F79EFBC}") = "AWS.TwitchBot.AWS", "AWS.TwitchBot.AWS\AWS.TwitchBot.AWS.csproj", "{484A2B12-C512-426A-A553-60C9B74D16B0}"
EndProject
Global
	GlobalSection(SolutionConfigurationPlatforms) = preSolution
		Debug|Any CPU = Debug|Any CPU
		Release|Any CPU = Release|Any CPU
	EndGlobalSection
	GlobalSection(ProjectConfigurationPlatforms) = postSolution
		{484A2B12-C512-426A-A553-60C9B74D16B0}.Debug|Any CPU.ActiveCfg = Debug|Any CPU
		{484A2B12-C512-426A-A553-60C9B74D16B0}.Debug|Any CPU.Build.0 = Debug|Any CPU
		{484A2B12-C512-426A-A553-60C9B74D16B0}.Release|Any CPU.ActiveCfg = Release|Any CPU
		{484A2B12-C512-426A-A553-60C9B74D16B0}.Release|Any CPU.Build.0 = Release|Any CPU
	EndGlobalSection
	GlobalSection(SolutionProperties) = preSolution
		HideSolutionNode = FALSE
	EndGlobalSection
	GlobalSection(ExtensibilityGlobals) = postSolution
		SolutionGuid = {295FD69B-CAE5-44E0-A858-F1FF2C2E302E}
	EndGlobalSection
EndGlobal
